// !$*UTF8*$!
{
	archiveVersion = 1;
	classes = {
	};
	objectVersion = 55;
	objects = {

/* Begin PBXBuildFile section */
		A40B6E61278F00A900CA6502 /* Asynchrone in Frameworks */ = {isa = PBXBuildFile; productRef = A40B6E60278F00A900CA6502 /* Asynchrone */; };
		A40EE29C279F340800663E6C /* DetailsScreen.swift in Sources */ = {isa = PBXBuildFile; fileRef = A40EE29B279F340800663E6C /* DetailsScreen.swift */; };
		A40EE2A1279F344100663E6C /* Details.swift in Sources */ = {isa = PBXBuildFile; fileRef = A40EE2A0279F344100663E6C /* Details.swift */; };
		A40EE2A327A02D7600663E6C /* ViewModel.swift in Sources */ = {isa = PBXBuildFile; fileRef = A40EE2A227A02D7600663E6C /* ViewModel.swift */; };
		A40EE2A527A044FE00663E6C /* ViewModelTests.swift in Sources */ = {isa = PBXBuildFile; fileRef = A40EE2A427A044FE00663E6C /* ViewModelTests.swift */; };
		A410A72E282D48700035A40D /* Assertions.swift in Sources */ = {isa = PBXBuildFile; fileRef = A48E085C2743D1FE008090E5 /* Assertions.swift */; };
		A425FB70275F9769002AFD72 /* ReducerTests.swift in Sources */ = {isa = PBXBuildFile; fileRef = A425FB6F275F9769002AFD72 /* ReducerTests.swift */; };
		A4773C442827B10800828A14 /* ActionStatus.swift in Sources */ = {isa = PBXBuildFile; fileRef = A4773C432827B10800828A14 /* ActionStatus.swift */; };
		A4773C462827B12800828A14 /* ValueStatus.swift in Sources */ = {isa = PBXBuildFile; fileRef = A4773C452827B12800828A14 /* ValueStatus.swift */; };
		A4773C492827C44600828A14 /* ActionStatusTests.swift in Sources */ = {isa = PBXBuildFile; fileRef = A4773C482827C44600828A14 /* ActionStatusTests.swift */; };
		A4773C4B2827C86A00828A14 /* ValueStatusTests.swift in Sources */ = {isa = PBXBuildFile; fileRef = A4773C4A2827C86A00828A14 /* ValueStatusTests.swift */; };
		A47BE5FB27BC467A0011ECE6 /* Assertions.swift in Sources */ = {isa = PBXBuildFile; fileRef = A48E085C2743D1FE008090E5 /* Assertions.swift */; };
		A47E64AD267A1054005E265C /* RedUx.framework in Frameworks */ = {isa = PBXBuildFile; fileRef = A47E64A2267A1054005E265C /* RedUx.framework */; };
		A47E64B3267A1054005E265C /* RedUx.h in Headers */ = {isa = PBXBuildFile; fileRef = A47E64A5267A1054005E265C /* RedUx.h */; settings = {ATTRIBUTES = (Public, ); }; };
		A47E64C1267A10E4005E265C /* Reducer.swift in Sources */ = {isa = PBXBuildFile; fileRef = A47E64BE267A10E4005E265C /* Reducer.swift */; };
		A47E64C2267A10E4005E265C /* Store.swift in Sources */ = {isa = PBXBuildFile; fileRef = A47E64BF267A10E4005E265C /* Store.swift */; };
		A47E64C5267A10F3005E265C /* StoreTests.swift in Sources */ = {isa = PBXBuildFile; fileRef = A47E64C4267A10F3005E265C /* StoreTests.swift */; };
		A47E64CD267A4AF7005E265C /* ExampleApp.swift in Sources */ = {isa = PBXBuildFile; fileRef = A47E64CC267A4AF7005E265C /* ExampleApp.swift */; };
		A47E64CF267A4AF7005E265C /* RootScreen.swift in Sources */ = {isa = PBXBuildFile; fileRef = A47E64CE267A4AF7005E265C /* RootScreen.swift */; };
		A47E64D1267A4AF8005E265C /* Assets.xcassets in Resources */ = {isa = PBXBuildFile; fileRef = A47E64D0267A4AF8005E265C /* Assets.xcassets */; };
		A47E64D4267A4AF8005E265C /* Preview Assets.xcassets in Resources */ = {isa = PBXBuildFile; fileRef = A47E64D3267A4AF8005E265C /* Preview Assets.xcassets */; };
		A47E64D9267A4B07005E265C /* RedUx.framework in Frameworks */ = {isa = PBXBuildFile; fileRef = A47E64A2267A1054005E265C /* RedUx.framework */; };
		A47E64DA267A4B07005E265C /* RedUx.framework in Embed Frameworks */ = {isa = PBXBuildFile; fileRef = A47E64A2267A1054005E265C /* RedUx.framework */; settings = {ATTRIBUTES = (CodeSignOnCopy, RemoveHeadersOnCopy, ); }; };
		A48E08652743D463008090E5 /* RootScreenTests.swift in Sources */ = {isa = PBXBuildFile; fileRef = A48E08642743D463008090E5 /* RootScreenTests.swift */; };
		A4A12B5527B51EF30094B270 /* UnwrapStore.swift in Sources */ = {isa = PBXBuildFile; fileRef = A4A12B5427B51EF30094B270 /* UnwrapStore.swift */; };
		A4A8B6B1283011F800DF4D4A /* Effect.swift in Sources */ = {isa = PBXBuildFile; fileRef = A4A8B6B0283011F800DF4D4A /* Effect.swift */; };
		A4B1E28228313E3100B6FCB8 /* EffectTests.swift in Sources */ = {isa = PBXBuildFile; fileRef = A4B1E28128313E3100B6FCB8 /* EffectTests.swift */; };
		A4B1E284283216EF00B6FCB8 /* EffectManager.swift in Sources */ = {isa = PBXBuildFile; fileRef = A4B1E283283216EF00B6FCB8 /* EffectManager.swift */; };
		A4B9E5A727A269590000ED07 /* RedUxable.swift in Sources */ = {isa = PBXBuildFile; fileRef = A4B9E5A627A269590000ED07 /* RedUxable.swift */; };
		A4C3619A276A086A00511525 /* AppStore.swift in Sources */ = {isa = PBXBuildFile; fileRef = A4C36199276A086A00511525 /* AppStore.swift */; };
		A4D2CFA026C0FC34008D25DE /* View+Extension.swift in Sources */ = {isa = PBXBuildFile; fileRef = A4D2CF9F26C0FC34008D25DE /* View+Extension.swift */; };
		A4EA10AC28536E720037A053 /* EffectManagerTests.swift in Sources */ = {isa = PBXBuildFile; fileRef = A4EA10AB28536E720037A053 /* EffectManagerTests.swift */; };
		A4EE8D352763B4ED00BE7F55 /* Models.swift in Sources */ = {isa = PBXBuildFile; fileRef = A4EE8D342763B4ED00BE7F55 /* Models.swift */; };
/* End PBXBuildFile section */

/* Begin PBXContainerItemProxy section */
		A47E64AE267A1054005E265C /* PBXContainerItemProxy */ = {
			isa = PBXContainerItemProxy;
			containerPortal = A47E6499267A1054005E265C /* Project object */;
			proxyType = 1;
			remoteGlobalIDString = A47E64A1267A1054005E265C;
			remoteInfo = RedUx;
		};
		A47E64DB267A4B07005E265C /* PBXContainerItemProxy */ = {
			isa = PBXContainerItemProxy;
			containerPortal = A47E6499267A1054005E265C /* Project object */;
			proxyType = 1;
			remoteGlobalIDString = A47E64A1267A1054005E265C;
			remoteInfo = RedUx;
		};
		A48E08662743D463008090E5 /* PBXContainerItemProxy */ = {
			isa = PBXContainerItemProxy;
			containerPortal = A47E6499267A1054005E265C /* Project object */;
			proxyType = 1;
			remoteGlobalIDString = A47E64C9267A4AF7005E265C;
			remoteInfo = Example;
		};
/* End PBXContainerItemProxy section */

/* Begin PBXCopyFilesBuildPhase section */
		A47E64DD267A4B08005E265C /* Embed Frameworks */ = {
			isa = PBXCopyFilesBuildPhase;
			buildActionMask = 2147483647;
			dstPath = "";
			dstSubfolderSpec = 10;
			files = (
				A47E64DA267A4B07005E265C /* RedUx.framework in Embed Frameworks */,
			);
			name = "Embed Frameworks";
			runOnlyForDeploymentPostprocessing = 0;
		};
/* End PBXCopyFilesBuildPhase section */

/* Begin PBXFileReference section */
		A40EE29B279F340800663E6C /* DetailsScreen.swift */ = {isa = PBXFileReference; lastKnownFileType = sourcecode.swift; path = DetailsScreen.swift; sourceTree = "<group>"; };
		A40EE2A0279F344100663E6C /* Details.swift */ = {isa = PBXFileReference; lastKnownFileType = sourcecode.swift; path = Details.swift; sourceTree = "<group>"; };
		A40EE2A227A02D7600663E6C /* ViewModel.swift */ = {isa = PBXFileReference; lastKnownFileType = sourcecode.swift; path = ViewModel.swift; sourceTree = "<group>"; };
		A40EE2A427A044FE00663E6C /* ViewModelTests.swift */ = {isa = PBXFileReference; lastKnownFileType = sourcecode.swift; path = ViewModelTests.swift; sourceTree = "<group>"; };
		A425FB6F275F9769002AFD72 /* ReducerTests.swift */ = {isa = PBXFileReference; lastKnownFileType = sourcecode.swift; path = ReducerTests.swift; sourceTree = "<group>"; };
		A4773C432827B10800828A14 /* ActionStatus.swift */ = {isa = PBXFileReference; lastKnownFileType = sourcecode.swift; path = ActionStatus.swift; sourceTree = "<group>"; };
		A4773C452827B12800828A14 /* ValueStatus.swift */ = {isa = PBXFileReference; lastKnownFileType = sourcecode.swift; path = ValueStatus.swift; sourceTree = "<group>"; };
		A4773C482827C44600828A14 /* ActionStatusTests.swift */ = {isa = PBXFileReference; lastKnownFileType = sourcecode.swift; path = ActionStatusTests.swift; sourceTree = "<group>"; };
		A4773C4A2827C86A00828A14 /* ValueStatusTests.swift */ = {isa = PBXFileReference; lastKnownFileType = sourcecode.swift; path = ValueStatusTests.swift; sourceTree = "<group>"; };
		A47E64A2267A1054005E265C /* RedUx.framework */ = {isa = PBXFileReference; explicitFileType = wrapper.framework; includeInIndex = 0; path = RedUx.framework; sourceTree = BUILT_PRODUCTS_DIR; };
		A47E64A5267A1054005E265C /* RedUx.h */ = {isa = PBXFileReference; lastKnownFileType = sourcecode.c.h; path = RedUx.h; sourceTree = "<group>"; };
		A47E64AC267A1054005E265C /* RedUxTests.xctest */ = {isa = PBXFileReference; explicitFileType = wrapper.cfbundle; includeInIndex = 0; path = RedUxTests.xctest; sourceTree = BUILT_PRODUCTS_DIR; };
		A47E64BE267A10E4005E265C /* Reducer.swift */ = {isa = PBXFileReference; fileEncoding = 4; lastKnownFileType = sourcecode.swift; path = Reducer.swift; sourceTree = "<group>"; };
		A47E64BF267A10E4005E265C /* Store.swift */ = {isa = PBXFileReference; fileEncoding = 4; lastKnownFileType = sourcecode.swift; path = Store.swift; sourceTree = "<group>"; };
		A47E64C4267A10F3005E265C /* StoreTests.swift */ = {isa = PBXFileReference; fileEncoding = 4; lastKnownFileType = sourcecode.swift; path = StoreTests.swift; sourceTree = "<group>"; };
		A47E64CA267A4AF7005E265C /* Example.app */ = {isa = PBXFileReference; explicitFileType = wrapper.application; includeInIndex = 0; path = Example.app; sourceTree = BUILT_PRODUCTS_DIR; };
		A47E64CC267A4AF7005E265C /* ExampleApp.swift */ = {isa = PBXFileReference; lastKnownFileType = sourcecode.swift; path = ExampleApp.swift; sourceTree = "<group>"; };
		A47E64CE267A4AF7005E265C /* RootScreen.swift */ = {isa = PBXFileReference; lastKnownFileType = sourcecode.swift; path = RootScreen.swift; sourceTree = "<group>"; };
		A47E64D0267A4AF8005E265C /* Assets.xcassets */ = {isa = PBXFileReference; lastKnownFileType = folder.assetcatalog; path = Assets.xcassets; sourceTree = "<group>"; };
		A47E64D3267A4AF8005E265C /* Preview Assets.xcassets */ = {isa = PBXFileReference; lastKnownFileType = folder.assetcatalog; path = "Preview Assets.xcassets"; sourceTree = "<group>"; };
		A47E64E1267B0A6C005E265C /* README.md */ = {isa = PBXFileReference; lastKnownFileType = net.daringfireball.markdown; path = README.md; sourceTree = "<group>"; };
		A48E085C2743D1FE008090E5 /* Assertions.swift */ = {isa = PBXFileReference; lastKnownFileType = sourcecode.swift; path = Assertions.swift; sourceTree = "<group>"; };
		A48E08622743D463008090E5 /* ExampleTests.xctest */ = {isa = PBXFileReference; explicitFileType = wrapper.cfbundle; includeInIndex = 0; path = ExampleTests.xctest; sourceTree = BUILT_PRODUCTS_DIR; };
		A48E08642743D463008090E5 /* RootScreenTests.swift */ = {isa = PBXFileReference; lastKnownFileType = sourcecode.swift; path = RootScreenTests.swift; sourceTree = "<group>"; };
		A48E088B2743F4EE008090E5 /* XCTest.framework */ = {isa = PBXFileReference; lastKnownFileType = wrapper.framework; name = XCTest.framework; path = Platforms/iPhoneOS.platform/Developer/Library/Frameworks/XCTest.framework; sourceTree = DEVELOPER_DIR; };
		A4A12B5427B51EF30094B270 /* UnwrapStore.swift */ = {isa = PBXFileReference; lastKnownFileType = sourcecode.swift; path = UnwrapStore.swift; sourceTree = "<group>"; };
		A4A8B6B0283011F800DF4D4A /* Effect.swift */ = {isa = PBXFileReference; lastKnownFileType = sourcecode.swift; path = Effect.swift; sourceTree = "<group>"; };
		A4B1E28128313E3100B6FCB8 /* EffectTests.swift */ = {isa = PBXFileReference; lastKnownFileType = sourcecode.swift; path = EffectTests.swift; sourceTree = "<group>"; };
		A4B1E283283216EF00B6FCB8 /* EffectManager.swift */ = {isa = PBXFileReference; lastKnownFileType = sourcecode.swift; path = EffectManager.swift; sourceTree = "<group>"; };
		A4B9E5A627A269590000ED07 /* RedUxable.swift */ = {isa = PBXFileReference; lastKnownFileType = sourcecode.swift; path = RedUxable.swift; sourceTree = "<group>"; };
		A4C36199276A086A00511525 /* AppStore.swift */ = {isa = PBXFileReference; lastKnownFileType = sourcecode.swift; path = AppStore.swift; sourceTree = "<group>"; };
		A4D2CF9F26C0FC34008D25DE /* View+Extension.swift */ = {isa = PBXFileReference; lastKnownFileType = sourcecode.swift; path = "View+Extension.swift"; sourceTree = "<group>"; };
		A4D2CFA526C16A69008D25DE /* Package.swift */ = {isa = PBXFileReference; fileEncoding = 4; lastKnownFileType = sourcecode.swift; path = Package.swift; sourceTree = "<group>"; };
		A4EA10AB28536E720037A053 /* EffectManagerTests.swift */ = {isa = PBXFileReference; lastKnownFileType = sourcecode.swift; path = EffectManagerTests.swift; sourceTree = "<group>"; };
		A4EE8D342763B4ED00BE7F55 /* Models.swift */ = {isa = PBXFileReference; lastKnownFileType = sourcecode.swift; path = Models.swift; sourceTree = "<group>"; };
/* End PBXFileReference section */

/* Begin PBXFrameworksBuildPhase section */
		A47E649F267A1054005E265C /* Frameworks */ = {
			isa = PBXFrameworksBuildPhase;
			buildActionMask = 2147483647;
			files = (
				A40B6E61278F00A900CA6502 /* Asynchrone in Frameworks */,
			);
			runOnlyForDeploymentPostprocessing = 0;
		};
		A47E64A9267A1054005E265C /* Frameworks */ = {
			isa = PBXFrameworksBuildPhase;
			buildActionMask = 2147483647;
			files = (
				A47E64AD267A1054005E265C /* RedUx.framework in Frameworks */,
			);
			runOnlyForDeploymentPostprocessing = 0;
		};
		A47E64C7267A4AF7005E265C /* Frameworks */ = {
			isa = PBXFrameworksBuildPhase;
			buildActionMask = 2147483647;
			files = (
				A47E64D9267A4B07005E265C /* RedUx.framework in Frameworks */,
			);
			runOnlyForDeploymentPostprocessing = 0;
		};
		A48E085F2743D463008090E5 /* Frameworks */ = {
			isa = PBXFrameworksBuildPhase;
			buildActionMask = 2147483647;
			files = (
			);
			runOnlyForDeploymentPostprocessing = 0;
		};
/* End PBXFrameworksBuildPhase section */

/* Begin PBXGroup section */
		A40EE29D279F341A00663E6C /* Root */ = {
			isa = PBXGroup;
			children = (
				A47E64CE267A4AF7005E265C /* RootScreen.swift */,
			);
			path = Root;
			sourceTree = "<group>";
		};
		A40EE29F279F342C00663E6C /* Details */ = {
			isa = PBXGroup;
			children = (
				A40EE2A0279F344100663E6C /* Details.swift */,
				A40EE29B279F340800663E6C /* DetailsScreen.swift */,
			);
			path = Details;
			sourceTree = "<group>";
		};
		A4773C422827B0F600828A14 /* Status */ = {
			isa = PBXGroup;
			children = (
				A4773C432827B10800828A14 /* ActionStatus.swift */,
				A4773C452827B12800828A14 /* ValueStatus.swift */,
			);
			path = Status;
			sourceTree = "<group>";
		};
		A47E6498267A1054005E265C = {
			isa = PBXGroup;
			children = (
				A4D2CFA426C16A5E008D25DE /* Deployment */,
				A47E64E0267A8F1A005E265C /* Documentation */,
				A47E64A4267A1054005E265C /* RedUx */,
				A47E64B0267A1054005E265C /* RedUxTests */,
				A47E64CB267A4AF7005E265C /* Example */,
				A48E08632743D463008090E5 /* ExampleTests */,
				A47E64A3267A1054005E265C /* Products */,
				A47E64D8267A4B07005E265C /* Frameworks */,
			);
			sourceTree = "<group>";
		};
		A47E64A3267A1054005E265C /* Products */ = {
			isa = PBXGroup;
			children = (
				A47E64A2267A1054005E265C /* RedUx.framework */,
				A47E64AC267A1054005E265C /* RedUxTests.xctest */,
				A47E64CA267A4AF7005E265C /* Example.app */,
				A48E08622743D463008090E5 /* ExampleTests.xctest */,
			);
			name = Products;
			sourceTree = "<group>";
		};
		A47E64A4267A1054005E265C /* RedUx */ = {
			isa = PBXGroup;
			children = (
				A47E64BD267A10CB005E265C /* Source */,
				A47E64BC267A10A4005E265C /* Supporting Files */,
			);
			path = RedUx;
			sourceTree = "<group>";
		};
		A47E64B0267A1054005E265C /* RedUxTests */ = {
			isa = PBXGroup;
			children = (
				A4D2CFA326C1486E008D25DE /* Tests */,
				A4EE8D332763B45500BE7F55 /* Supporting Files */,
			);
			path = RedUxTests;
			sourceTree = "<group>";
		};
		A47E64BC267A10A4005E265C /* Supporting Files */ = {
			isa = PBXGroup;
			children = (
				A47E64A5267A1054005E265C /* RedUx.h */,
			);
			path = "Supporting Files";
			sourceTree = "<group>";
		};
		A47E64BD267A10CB005E265C /* Source */ = {
			isa = PBXGroup;
			children = (
				A4773C422827B0F600828A14 /* Status */,
				A4A12B5327B51EBC0094B270 /* SwiftUI */,
				A4A8B6B0283011F800DF4D4A /* Effect.swift */,
				A4B1E283283216EF00B6FCB8 /* EffectManager.swift */,
				A47E64BF267A10E4005E265C /* Store.swift */,
				A47E64BE267A10E4005E265C /* Reducer.swift */,
				A4B9E5A627A269590000ED07 /* RedUxable.swift */,
				A40EE2A227A02D7600663E6C /* ViewModel.swift */,
			);
			path = Source;
			sourceTree = "<group>";
		};
		A47E64CB267A4AF7005E265C /* Example */ = {
			isa = PBXGroup;
			children = (
				A40EE29F279F342C00663E6C /* Details */,
				A40EE29D279F341A00663E6C /* Root */,
				A4C36199276A086A00511525 /* AppStore.swift */,
				A47E64CC267A4AF7005E265C /* ExampleApp.swift */,
				A47E64D0267A4AF8005E265C /* Assets.xcassets */,
				A47E64D2267A4AF8005E265C /* Preview Content */,
			);
			path = Example;
			sourceTree = "<group>";
		};
		A47E64D2267A4AF8005E265C /* Preview Content */ = {
			isa = PBXGroup;
			children = (
				A47E64D3267A4AF8005E265C /* Preview Assets.xcassets */,
			);
			path = "Preview Content";
			sourceTree = "<group>";
		};
		A47E64D8267A4B07005E265C /* Frameworks */ = {
			isa = PBXGroup;
			children = (
				A48E088B2743F4EE008090E5 /* XCTest.framework */,
			);
			name = Frameworks;
			sourceTree = "<group>";
		};
		A47E64E0267A8F1A005E265C /* Documentation */ = {
			isa = PBXGroup;
			children = (
				A47E64E1267B0A6C005E265C /* README.md */,
			);
			name = Documentation;
			sourceTree = "<group>";
		};
		A48E08632743D463008090E5 /* ExampleTests */ = {
			isa = PBXGroup;
			children = (
				A48E08642743D463008090E5 /* RootScreenTests.swift */,
			);
			path = ExampleTests;
			sourceTree = "<group>";
		};
		A4A12B5327B51EBC0094B270 /* SwiftUI */ = {
			isa = PBXGroup;
			children = (
				A4D2CF9E26C0FC1F008D25DE /* Extensions */,
				A4A12B5427B51EF30094B270 /* UnwrapStore.swift */,
			);
			path = SwiftUI;
			sourceTree = "<group>";
		};
		A4D2CF9E26C0FC1F008D25DE /* Extensions */ = {
			isa = PBXGroup;
			children = (
				A4D2CF9F26C0FC34008D25DE /* View+Extension.swift */,
			);
			path = Extensions;
			sourceTree = "<group>";
		};
		A4D2CFA326C1486E008D25DE /* Tests */ = {
			isa = PBXGroup;
			children = (
				A4773C482827C44600828A14 /* ActionStatusTests.swift */,
				A4B1E28128313E3100B6FCB8 /* EffectTests.swift */,
				A4EA10AB28536E720037A053 /* EffectManagerTests.swift */,
				A425FB6F275F9769002AFD72 /* ReducerTests.swift */,
				A47E64C4267A10F3005E265C /* StoreTests.swift */,
				A40EE2A427A044FE00663E6C /* ViewModelTests.swift */,
				A4773C4A2827C86A00828A14 /* ValueStatusTests.swift */,
			);
			path = Tests;
			sourceTree = "<group>";
		};
		A4D2CFA426C16A5E008D25DE /* Deployment */ = {
			isa = PBXGroup;
			children = (
				A4D2CFA526C16A69008D25DE /* Package.swift */,
			);
			name = Deployment;
			sourceTree = "<group>";
		};
		A4EE8D332763B45500BE7F55 /* Supporting Files */ = {
			isa = PBXGroup;
			children = (
				A48E085C2743D1FE008090E5 /* Assertions.swift */,
				A4EE8D342763B4ED00BE7F55 /* Models.swift */,
			);
			path = "Supporting Files";
			sourceTree = "<group>";
		};
/* End PBXGroup section */

/* Begin PBXHeadersBuildPhase section */
		A47E649D267A1054005E265C /* Headers */ = {
			isa = PBXHeadersBuildPhase;
			buildActionMask = 2147483647;
			files = (
				A47E64B3267A1054005E265C /* RedUx.h in Headers */,
			);
			runOnlyForDeploymentPostprocessing = 0;
		};
/* End PBXHeadersBuildPhase section */

/* Begin PBXNativeTarget section */
		A47E64A1267A1054005E265C /* RedUx */ = {
			isa = PBXNativeTarget;
			buildConfigurationList = A47E64B6267A1054005E265C /* Build configuration list for PBXNativeTarget "RedUx" */;
			buildPhases = (
				A47E649D267A1054005E265C /* Headers */,
				A47E649E267A1054005E265C /* Sources */,
				A47E649F267A1054005E265C /* Frameworks */,
				A47E64A0267A1054005E265C /* Resources */,
			);
			buildRules = (
			);
			dependencies = (
			);
			name = RedUx;
			packageProductDependencies = (
				A40B6E60278F00A900CA6502 /* Asynchrone */,
			);
			productName = RedUx;
			productReference = A47E64A2267A1054005E265C /* RedUx.framework */;
			productType = "com.apple.product-type.framework";
		};
		A47E64AB267A1054005E265C /* RedUxTests */ = {
			isa = PBXNativeTarget;
			buildConfigurationList = A47E64B9267A1054005E265C /* Build configuration list for PBXNativeTarget "RedUxTests" */;
			buildPhases = (
				A47E64A8267A1054005E265C /* Sources */,
				A47E64A9267A1054005E265C /* Frameworks */,
				A47E64AA267A1054005E265C /* Resources */,
			);
			buildRules = (
			);
			dependencies = (
				A47E64AF267A1054005E265C /* PBXTargetDependency */,
			);
			name = RedUxTests;
			productName = RedUxTests;
			productReference = A47E64AC267A1054005E265C /* RedUxTests.xctest */;
			productType = "com.apple.product-type.bundle.unit-test";
		};
		A47E64C9267A4AF7005E265C /* Example */ = {
			isa = PBXNativeTarget;
			buildConfigurationList = A47E64D5267A4AF8005E265C /* Build configuration list for PBXNativeTarget "Example" */;
			buildPhases = (
				A47E64C6267A4AF7005E265C /* Sources */,
				A47E64C7267A4AF7005E265C /* Frameworks */,
				A47E64C8267A4AF7005E265C /* Resources */,
				A47E64DD267A4B08005E265C /* Embed Frameworks */,
			);
			buildRules = (
			);
			dependencies = (
				A47E64DC267A4B07005E265C /* PBXTargetDependency */,
			);
			name = Example;
			productName = Example;
			productReference = A47E64CA267A4AF7005E265C /* Example.app */;
			productType = "com.apple.product-type.application";
		};
		A48E08612743D463008090E5 /* ExampleTests */ = {
			isa = PBXNativeTarget;
			buildConfigurationList = A48E08682743D463008090E5 /* Build configuration list for PBXNativeTarget "ExampleTests" */;
			buildPhases = (
				A48E085E2743D463008090E5 /* Sources */,
				A48E085F2743D463008090E5 /* Frameworks */,
				A48E08602743D463008090E5 /* Resources */,
			);
			buildRules = (
			);
			dependencies = (
				A48E08672743D463008090E5 /* PBXTargetDependency */,
			);
			name = ExampleTests;
			productName = ExampleTests;
			productReference = A48E08622743D463008090E5 /* ExampleTests.xctest */;
			productType = "com.apple.product-type.bundle.unit-test";
		};
/* End PBXNativeTarget section */

/* Begin PBXProject section */
		A47E6499267A1054005E265C /* Project object */ = {
			isa = PBXProject;
			attributes = {
				BuildIndependentTargetsInParallel = 1;
				LastSwiftUpdateCheck = 1310;
				LastUpgradeCheck = 1300;
				TargetAttributes = {
					A47E64A1267A1054005E265C = {
						CreatedOnToolsVersion = 13.0;
					};
					A47E64AB267A1054005E265C = {
						CreatedOnToolsVersion = 13.0;
					};
					A47E64C9267A4AF7005E265C = {
						CreatedOnToolsVersion = 13.0;
					};
					A48E08612743D463008090E5 = {
						CreatedOnToolsVersion = 13.1;
						TestTargetID = A47E64C9267A4AF7005E265C;
					};
				};
			};
			buildConfigurationList = A47E649C267A1054005E265C /* Build configuration list for PBXProject "RedUx" */;
			compatibilityVersion = "Xcode 13.0";
			developmentRegion = en;
			hasScannedForEncodings = 0;
			knownRegions = (
				en,
				Base,
			);
			mainGroup = A47E6498267A1054005E265C;
			packageReferences = (
				A40B6E5F278F00A900CA6502 /* XCRemoteSwiftPackageReference "Asynchrone" */,
			);
			productRefGroup = A47E64A3267A1054005E265C /* Products */;
			projectDirPath = "";
			projectRoot = "";
			targets = (
				A47E64A1267A1054005E265C /* RedUx */,
				A47E64AB267A1054005E265C /* RedUxTests */,
				A47E64C9267A4AF7005E265C /* Example */,
				A48E08612743D463008090E5 /* ExampleTests */,
			);
		};
/* End PBXProject section */

/* Begin PBXResourcesBuildPhase section */
		A47E64A0267A1054005E265C /* Resources */ = {
			isa = PBXResourcesBuildPhase;
			buildActionMask = 2147483647;
			files = (
			);
			runOnlyForDeploymentPostprocessing = 0;
		};
		A47E64AA267A1054005E265C /* Resources */ = {
			isa = PBXResourcesBuildPhase;
			buildActionMask = 2147483647;
			files = (
			);
			runOnlyForDeploymentPostprocessing = 0;
		};
		A47E64C8267A4AF7005E265C /* Resources */ = {
			isa = PBXResourcesBuildPhase;
			buildActionMask = 2147483647;
			files = (
				A47E64D4267A4AF8005E265C /* Preview Assets.xcassets in Resources */,
				A47E64D1267A4AF8005E265C /* Assets.xcassets in Resources */,
			);
			runOnlyForDeploymentPostprocessing = 0;
		};
		A48E08602743D463008090E5 /* Resources */ = {
			isa = PBXResourcesBuildPhase;
			buildActionMask = 2147483647;
			files = (
			);
			runOnlyForDeploymentPostprocessing = 0;
		};
/* End PBXResourcesBuildPhase section */

/* Begin PBXSourcesBuildPhase section */
		A47E649E267A1054005E265C /* Sources */ = {
			isa = PBXSourcesBuildPhase;
			buildActionMask = 2147483647;
			files = (
				A4B1E284283216EF00B6FCB8 /* EffectManager.swift in Sources */,
				A4B9E5A727A269590000ED07 /* RedUxable.swift in Sources */,
				A4773C442827B10800828A14 /* ActionStatus.swift in Sources */,
				A4773C462827B12800828A14 /* ValueStatus.swift in Sources */,
				A40EE2A327A02D7600663E6C /* ViewModel.swift in Sources */,
				A4A8B6B1283011F800DF4D4A /* Effect.swift in Sources */,
				A47E64C2267A10E4005E265C /* Store.swift in Sources */,
				A4D2CFA026C0FC34008D25DE /* View+Extension.swift in Sources */,
				A47E64C1267A10E4005E265C /* Reducer.swift in Sources */,
				A4A12B5527B51EF30094B270 /* UnwrapStore.swift in Sources */,
			);
			runOnlyForDeploymentPostprocessing = 0;
		};
		A47E64A8267A1054005E265C /* Sources */ = {
			isa = PBXSourcesBuildPhase;
			buildActionMask = 2147483647;
			files = (
				A425FB70275F9769002AFD72 /* ReducerTests.swift in Sources */,
				A4B1E28228313E3100B6FCB8 /* EffectTests.swift in Sources */,
				A4773C492827C44600828A14 /* ActionStatusTests.swift in Sources */,
				A40EE2A527A044FE00663E6C /* ViewModelTests.swift in Sources */,
				A47E64C5267A10F3005E265C /* StoreTests.swift in Sources */,
				A4773C4B2827C86A00828A14 /* ValueStatusTests.swift in Sources */,
				A47BE5FB27BC467A0011ECE6 /* Assertions.swift in Sources */,
				A4EA10AC28536E720037A053 /* EffectManagerTests.swift in Sources */,
				A4EE8D352763B4ED00BE7F55 /* Models.swift in Sources */,
			);
			runOnlyForDeploymentPostprocessing = 0;
		};
		A47E64C6267A4AF7005E265C /* Sources */ = {
			isa = PBXSourcesBuildPhase;
			buildActionMask = 2147483647;
			files = (
				A47E64CF267A4AF7005E265C /* RootScreen.swift in Sources */,
				A47E64CD267A4AF7005E265C /* ExampleApp.swift in Sources */,
				A40EE29C279F340800663E6C /* DetailsScreen.swift in Sources */,
				A4C3619A276A086A00511525 /* AppStore.swift in Sources */,
				A40EE2A1279F344100663E6C /* Details.swift in Sources */,
			);
			runOnlyForDeploymentPostprocessing = 0;
		};
		A48E085E2743D463008090E5 /* Sources */ = {
			isa = PBXSourcesBuildPhase;
			buildActionMask = 2147483647;
			files = (
				A410A72E282D48700035A40D /* Assertions.swift in Sources */,
				A48E08652743D463008090E5 /* RootScreenTests.swift in Sources */,
			);
			runOnlyForDeploymentPostprocessing = 0;
		};
/* End PBXSourcesBuildPhase section */

/* Begin PBXTargetDependency section */
		A47E64AF267A1054005E265C /* PBXTargetDependency */ = {
			isa = PBXTargetDependency;
			target = A47E64A1267A1054005E265C /* RedUx */;
			targetProxy = A47E64AE267A1054005E265C /* PBXContainerItemProxy */;
		};
		A47E64DC267A4B07005E265C /* PBXTargetDependency */ = {
			isa = PBXTargetDependency;
			target = A47E64A1267A1054005E265C /* RedUx */;
			targetProxy = A47E64DB267A4B07005E265C /* PBXContainerItemProxy */;
		};
		A48E08672743D463008090E5 /* PBXTargetDependency */ = {
			isa = PBXTargetDependency;
			target = A47E64C9267A4AF7005E265C /* Example */;
			targetProxy = A48E08662743D463008090E5 /* PBXContainerItemProxy */;
		};
/* End PBXTargetDependency section */

/* Begin XCBuildConfiguration section */
		A47E64B4267A1054005E265C /* Debug */ = {
			isa = XCBuildConfiguration;
			buildSettings = {
				ALWAYS_SEARCH_USER_PATHS = NO;
				CLANG_ANALYZER_NONNULL = YES;
				CLANG_ANALYZER_NUMBER_OBJECT_CONVERSION = YES_AGGRESSIVE;
				CLANG_CXX_LANGUAGE_STANDARD = "gnu++14";
				CLANG_CXX_LIBRARY = "libc++";
				CLANG_ENABLE_MODULES = YES;
				CLANG_ENABLE_OBJC_ARC = YES;
				CLANG_ENABLE_OBJC_WEAK = YES;
				CLANG_WARN_BLOCK_CAPTURE_AUTORELEASING = YES;
				CLANG_WARN_BOOL_CONVERSION = YES;
				CLANG_WARN_COMMA = YES;
				CLANG_WARN_CONSTANT_CONVERSION = YES;
				CLANG_WARN_DEPRECATED_OBJC_IMPLEMENTATIONS = YES;
				CLANG_WARN_DIRECT_OBJC_ISA_USAGE = YES_ERROR;
				CLANG_WARN_DOCUMENTATION_COMMENTS = YES;
				CLANG_WARN_EMPTY_BODY = YES;
				CLANG_WARN_ENUM_CONVERSION = YES;
				CLANG_WARN_INFINITE_RECURSION = YES;
				CLANG_WARN_INT_CONVERSION = YES;
				CLANG_WARN_NON_LITERAL_NULL_CONVERSION = YES;
				CLANG_WARN_OBJC_IMPLICIT_RETAIN_SELF = YES;
				CLANG_WARN_OBJC_LITERAL_CONVERSION = YES;
				CLANG_WARN_OBJC_ROOT_CLASS = YES_ERROR;
				CLANG_WARN_QUOTED_INCLUDE_IN_FRAMEWORK_HEADER = YES;
				CLANG_WARN_RANGE_LOOP_ANALYSIS = YES;
				CLANG_WARN_STRICT_PROTOTYPES = YES;
				CLANG_WARN_SUSPICIOUS_MOVE = YES;
				CLANG_WARN_UNGUARDED_AVAILABILITY = YES_AGGRESSIVE;
				CLANG_WARN_UNREACHABLE_CODE = YES;
				CLANG_WARN__DUPLICATE_METHOD_MATCH = YES;
				COPY_PHASE_STRIP = NO;
				CURRENT_PROJECT_VERSION = 1;
				DEBUG_INFORMATION_FORMAT = dwarf;
				ENABLE_STRICT_OBJC_MSGSEND = YES;
				ENABLE_TESTABILITY = YES;
				GCC_C_LANGUAGE_STANDARD = gnu11;
				GCC_DYNAMIC_NO_PIC = NO;
				GCC_NO_COMMON_BLOCKS = YES;
				GCC_OPTIMIZATION_LEVEL = 0;
				GCC_PREPROCESSOR_DEFINITIONS = (
					"DEBUG=1",
					"$(inherited)",
				);
				GCC_WARN_64_TO_32_BIT_CONVERSION = YES;
				GCC_WARN_ABOUT_RETURN_TYPE = YES_ERROR;
				GCC_WARN_UNDECLARED_SELECTOR = YES;
				GCC_WARN_UNINITIALIZED_AUTOS = YES_AGGRESSIVE;
				GCC_WARN_UNUSED_FUNCTION = YES;
				GCC_WARN_UNUSED_VARIABLE = YES;
				IPHONEOS_DEPLOYMENT_TARGET = 15.0;
				MACOSX_DEPLOYMENT_TARGET = 12.0;
				MTL_ENABLE_DEBUG_INFO = INCLUDE_SOURCE;
				MTL_FAST_MATH = YES;
				ONLY_ACTIVE_ARCH = YES;
				SDKROOT = "";
				SUPPORTED_PLATFORMS = "macosx iphoneos appletvos watchos iphonesimulator appletvsimulator watchsimulator appletvos";
				SWIFT_ACTIVE_COMPILATION_CONDITIONS = DEBUG;
				SWIFT_OPTIMIZATION_LEVEL = "-Onone";
				VERSIONING_SYSTEM = "apple-generic";
				VERSION_INFO_PREFIX = "";
			};
			name = Debug;
		};
		A47E64B5267A1054005E265C /* Release */ = {
			isa = XCBuildConfiguration;
			buildSettings = {
				ALWAYS_SEARCH_USER_PATHS = NO;
				CLANG_ANALYZER_NONNULL = YES;
				CLANG_ANALYZER_NUMBER_OBJECT_CONVERSION = YES_AGGRESSIVE;
				CLANG_CXX_LANGUAGE_STANDARD = "gnu++14";
				CLANG_CXX_LIBRARY = "libc++";
				CLANG_ENABLE_MODULES = YES;
				CLANG_ENABLE_OBJC_ARC = YES;
				CLANG_ENABLE_OBJC_WEAK = YES;
				CLANG_WARN_BLOCK_CAPTURE_AUTORELEASING = YES;
				CLANG_WARN_BOOL_CONVERSION = YES;
				CLANG_WARN_COMMA = YES;
				CLANG_WARN_CONSTANT_CONVERSION = YES;
				CLANG_WARN_DEPRECATED_OBJC_IMPLEMENTATIONS = YES;
				CLANG_WARN_DIRECT_OBJC_ISA_USAGE = YES_ERROR;
				CLANG_WARN_DOCUMENTATION_COMMENTS = YES;
				CLANG_WARN_EMPTY_BODY = YES;
				CLANG_WARN_ENUM_CONVERSION = YES;
				CLANG_WARN_INFINITE_RECURSION = YES;
				CLANG_WARN_INT_CONVERSION = YES;
				CLANG_WARN_NON_LITERAL_NULL_CONVERSION = YES;
				CLANG_WARN_OBJC_IMPLICIT_RETAIN_SELF = YES;
				CLANG_WARN_OBJC_LITERAL_CONVERSION = YES;
				CLANG_WARN_OBJC_ROOT_CLASS = YES_ERROR;
				CLANG_WARN_QUOTED_INCLUDE_IN_FRAMEWORK_HEADER = YES;
				CLANG_WARN_RANGE_LOOP_ANALYSIS = YES;
				CLANG_WARN_STRICT_PROTOTYPES = YES;
				CLANG_WARN_SUSPICIOUS_MOVE = YES;
				CLANG_WARN_UNGUARDED_AVAILABILITY = YES_AGGRESSIVE;
				CLANG_WARN_UNREACHABLE_CODE = YES;
				CLANG_WARN__DUPLICATE_METHOD_MATCH = YES;
				COPY_PHASE_STRIP = NO;
				CURRENT_PROJECT_VERSION = 1;
				DEBUG_INFORMATION_FORMAT = "dwarf-with-dsym";
				ENABLE_NS_ASSERTIONS = NO;
				ENABLE_STRICT_OBJC_MSGSEND = YES;
				GCC_C_LANGUAGE_STANDARD = gnu11;
				GCC_NO_COMMON_BLOCKS = YES;
				GCC_WARN_64_TO_32_BIT_CONVERSION = YES;
				GCC_WARN_ABOUT_RETURN_TYPE = YES_ERROR;
				GCC_WARN_UNDECLARED_SELECTOR = YES;
				GCC_WARN_UNINITIALIZED_AUTOS = YES_AGGRESSIVE;
				GCC_WARN_UNUSED_FUNCTION = YES;
				GCC_WARN_UNUSED_VARIABLE = YES;
				IPHONEOS_DEPLOYMENT_TARGET = 15.0;
				MACOSX_DEPLOYMENT_TARGET = 12.0;
				MTL_ENABLE_DEBUG_INFO = NO;
				MTL_FAST_MATH = YES;
				SDKROOT = "";
				SUPPORTED_PLATFORMS = "macosx iphoneos appletvos watchos iphonesimulator appletvsimulator watchsimulator appletvos";
				SWIFT_COMPILATION_MODE = wholemodule;
				SWIFT_OPTIMIZATION_LEVEL = "-O";
				VALIDATE_PRODUCT = YES;
				VERSIONING_SYSTEM = "apple-generic";
				VERSION_INFO_PREFIX = "";
			};
			name = Release;
		};
		A47E64B7267A1054005E265C /* Debug */ = {
			isa = XCBuildConfiguration;
			buildSettings = {
				CODE_SIGN_STYLE = Automatic;
				CURRENT_PROJECT_VERSION = 1;
				DEFINES_MODULE = YES;
				DEVELOPMENT_TEAM = CF43K35J9C;
				DYLIB_COMPATIBILITY_VERSION = 1;
				DYLIB_CURRENT_VERSION = 1;
				DYLIB_INSTALL_NAME_BASE = "@rpath";
				GENERATE_INFOPLIST_FILE = YES;
				INFOPLIST_KEY_NSHumanReadableCopyright = "";
				INSTALL_PATH = "$(LOCAL_LIBRARY_DIR)/Frameworks";
				LD_RUNPATH_SEARCH_PATHS = (
					"$(inherited)",
					"@executable_path/Frameworks",
					"@loader_path/Frameworks",
				);
				MACOSX_DEPLOYMENT_TARGET = 12.0;
				MARKETING_VERSION = 1.0;
				PRODUCT_BUNDLE_IDENTIFIER = com.reddavis.RedUx;
				PRODUCT_NAME = "$(TARGET_NAME:c99extidentifier)";
				SDKROOT = "";
				SKIP_INSTALL = YES;
				SUPPORTED_PLATFORMS = "macosx iphoneos appletvos watchos appletvsimulator iphonesimulator watchsimulator";
				SWIFT_EMIT_LOC_STRINGS = YES;
				SWIFT_VERSION = 5.0;
				TARGETED_DEVICE_FAMILY = "1,2";
			};
			name = Debug;
		};
		A47E64B8267A1054005E265C /* Release */ = {
			isa = XCBuildConfiguration;
			buildSettings = {
				CODE_SIGN_STYLE = Automatic;
				CURRENT_PROJECT_VERSION = 1;
				DEFINES_MODULE = YES;
				DEVELOPMENT_TEAM = CF43K35J9C;
				DYLIB_COMPATIBILITY_VERSION = 1;
				DYLIB_CURRENT_VERSION = 1;
				DYLIB_INSTALL_NAME_BASE = "@rpath";
				GENERATE_INFOPLIST_FILE = YES;
				INFOPLIST_KEY_NSHumanReadableCopyright = "";
				INSTALL_PATH = "$(LOCAL_LIBRARY_DIR)/Frameworks";
				LD_RUNPATH_SEARCH_PATHS = (
					"$(inherited)",
					"@executable_path/Frameworks",
					"@loader_path/Frameworks",
				);
				MACOSX_DEPLOYMENT_TARGET = 12.0;
				MARKETING_VERSION = 1.0;
				PRODUCT_BUNDLE_IDENTIFIER = com.reddavis.RedUx;
				PRODUCT_NAME = "$(TARGET_NAME:c99extidentifier)";
				SDKROOT = "";
				SKIP_INSTALL = YES;
				SUPPORTED_PLATFORMS = "macosx iphoneos appletvos watchos appletvsimulator iphonesimulator watchsimulator";
				SWIFT_EMIT_LOC_STRINGS = YES;
				SWIFT_VERSION = 5.0;
				TARGETED_DEVICE_FAMILY = "1,2";
			};
			name = Release;
		};
		A47E64BA267A1054005E265C /* Debug */ = {
			isa = XCBuildConfiguration;
			buildSettings = {
				ALWAYS_EMBED_SWIFT_STANDARD_LIBRARIES = YES;
				CODE_SIGN_STYLE = Automatic;
				CURRENT_PROJECT_VERSION = 1;
				DEVELOPMENT_TEAM = CF43K35J9C;
				GENERATE_INFOPLIST_FILE = YES;
				LD_RUNPATH_SEARCH_PATHS = (
					"$(inherited)",
					"@executable_path/Frameworks",
					"@loader_path/Frameworks",
				);
				MARKETING_VERSION = 1.0;
				PRODUCT_BUNDLE_IDENTIFIER = com.reddavis.RedUxTests;
				PRODUCT_NAME = "$(TARGET_NAME)";
				SDKROOT = "";
				SUPPORTED_PLATFORMS = "macosx watchsimulator watchos iphonesimulator iphoneos appletvsimulator appletvos";
				SWIFT_EMIT_LOC_STRINGS = NO;
				SWIFT_VERSION = 5.0;
				TARGETED_DEVICE_FAMILY = "1,2";
			};
			name = Debug;
		};
		A47E64BB267A1054005E265C /* Release */ = {
			isa = XCBuildConfiguration;
			buildSettings = {
				ALWAYS_EMBED_SWIFT_STANDARD_LIBRARIES = YES;
				CODE_SIGN_STYLE = Automatic;
				CURRENT_PROJECT_VERSION = 1;
				DEVELOPMENT_TEAM = CF43K35J9C;
				GENERATE_INFOPLIST_FILE = YES;
				LD_RUNPATH_SEARCH_PATHS = (
					"$(inherited)",
					"@executable_path/Frameworks",
					"@loader_path/Frameworks",
				);
				MARKETING_VERSION = 1.0;
				PRODUCT_BUNDLE_IDENTIFIER = com.reddavis.RedUxTests;
				PRODUCT_NAME = "$(TARGET_NAME)";
				SDKROOT = "";
				SUPPORTED_PLATFORMS = "macosx watchsimulator watchos iphonesimulator iphoneos appletvsimulator appletvos";
				SWIFT_EMIT_LOC_STRINGS = NO;
				SWIFT_VERSION = 5.0;
				TARGETED_DEVICE_FAMILY = "1,2";
			};
			name = Release;
		};
		A47E64D6267A4AF8005E265C /* Debug */ = {
			isa = XCBuildConfiguration;
			buildSettings = {
				ASSETCATALOG_COMPILER_APPICON_NAME = AppIcon;
				ASSETCATALOG_COMPILER_GLOBAL_ACCENT_COLOR_NAME = AccentColor;
				CODE_SIGN_STYLE = Automatic;
				CURRENT_PROJECT_VERSION = 1;
				DEVELOPMENT_ASSET_PATHS = "\"Example/Preview Content\"";
				DEVELOPMENT_TEAM = CF43K35J9C;
				ENABLE_PREVIEWS = YES;
				GENERATE_INFOPLIST_FILE = YES;
				INFOPLIST_KEY_UIApplicationSceneManifest_Generation = YES;
				INFOPLIST_KEY_UIApplicationSupportsIndirectInputEvents = YES;
				INFOPLIST_KEY_UILaunchScreen_Generation = YES;
				INFOPLIST_KEY_UISupportedInterfaceOrientations_iPad = "UIInterfaceOrientationPortrait UIInterfaceOrientationPortraitUpsideDown UIInterfaceOrientationLandscapeLeft UIInterfaceOrientationLandscapeRight";
				INFOPLIST_KEY_UISupportedInterfaceOrientations_iPhone = "UIInterfaceOrientationPortrait UIInterfaceOrientationLandscapeLeft UIInterfaceOrientationLandscapeRight";
				IPHONEOS_DEPLOYMENT_TARGET = 15.0;
				LD_RUNPATH_SEARCH_PATHS = (
					"$(inherited)",
					"@executable_path/Frameworks",
				);
				MARKETING_VERSION = 1.0;
				PRODUCT_BUNDLE_IDENTIFIER = com.reddavis.Example;
				PRODUCT_NAME = "$(TARGET_NAME)";
				SDKROOT = iphoneos;
				SUPPORTED_PLATFORMS = "iphonesimulator iphoneos";
				SWIFT_EMIT_LOC_STRINGS = YES;
				SWIFT_VERSION = 5.0;
				TARGETED_DEVICE_FAMILY = "1,2";
			};
			name = Debug;
		};
		A47E64D7267A4AF8005E265C /* Release */ = {
			isa = XCBuildConfiguration;
			buildSettings = {
				ASSETCATALOG_COMPILER_APPICON_NAME = AppIcon;
				ASSETCATALOG_COMPILER_GLOBAL_ACCENT_COLOR_NAME = AccentColor;
				CODE_SIGN_STYLE = Automatic;
				CURRENT_PROJECT_VERSION = 1;
				DEVELOPMENT_ASSET_PATHS = "\"Example/Preview Content\"";
				DEVELOPMENT_TEAM = CF43K35J9C;
				ENABLE_PREVIEWS = YES;
				GENERATE_INFOPLIST_FILE = YES;
				INFOPLIST_KEY_UIApplicationSceneManifest_Generation = YES;
				INFOPLIST_KEY_UIApplicationSupportsIndirectInputEvents = YES;
				INFOPLIST_KEY_UILaunchScreen_Generation = YES;
				INFOPLIST_KEY_UISupportedInterfaceOrientations_iPad = "UIInterfaceOrientationPortrait UIInterfaceOrientationPortraitUpsideDown UIInterfaceOrientationLandscapeLeft UIInterfaceOrientationLandscapeRight";
				INFOPLIST_KEY_UISupportedInterfaceOrientations_iPhone = "UIInterfaceOrientationPortrait UIInterfaceOrientationLandscapeLeft UIInterfaceOrientationLandscapeRight";
				IPHONEOS_DEPLOYMENT_TARGET = 15.0;
				LD_RUNPATH_SEARCH_PATHS = (
					"$(inherited)",
					"@executable_path/Frameworks",
				);
				MARKETING_VERSION = 1.0;
				PRODUCT_BUNDLE_IDENTIFIER = com.reddavis.Example;
				PRODUCT_NAME = "$(TARGET_NAME)";
				SDKROOT = iphoneos;
				SUPPORTED_PLATFORMS = "iphonesimulator iphoneos";
				SWIFT_EMIT_LOC_STRINGS = YES;
				SWIFT_VERSION = 5.0;
				TARGETED_DEVICE_FAMILY = "1,2";
			};
			name = Release;
		};
		A48E08692743D463008090E5 /* Debug */ = {
			isa = XCBuildConfiguration;
			buildSettings = {
				BUNDLE_LOADER = "$(TEST_HOST)";
				CLANG_CXX_LANGUAGE_STANDARD = "gnu++17";
				CODE_SIGN_STYLE = Automatic;
				CURRENT_PROJECT_VERSION = 1;
				DEVELOPMENT_TEAM = CF43K35J9C;
				GENERATE_INFOPLIST_FILE = YES;
				LD_RUNPATH_SEARCH_PATHS = (
					"$(inherited)",
					"@executable_path/Frameworks",
					"@loader_path/Frameworks",
				);
				MARKETING_VERSION = 1.0;
				PRODUCT_BUNDLE_IDENTIFIER = com.reddavis.ExampleTests;
				PRODUCT_NAME = "$(TARGET_NAME)";
				SDKROOT = iphoneos;
				SUPPORTED_PLATFORMS = "iphonesimulator iphoneos";
				SWIFT_EMIT_LOC_STRINGS = NO;
				SWIFT_VERSION = 5.0;
				TARGETED_DEVICE_FAMILY = "1,2";
				TEST_HOST = "$(BUILT_PRODUCTS_DIR)/Example.app/Example";
			};
			name = Debug;
		};
		A48E086A2743D463008090E5 /* Release */ = {
			isa = XCBuildConfiguration;
			buildSettings = {
				BUNDLE_LOADER = "$(TEST_HOST)";
				CLANG_CXX_LANGUAGE_STANDARD = "gnu++17";
				CODE_SIGN_STYLE = Automatic;
				CURRENT_PROJECT_VERSION = 1;
				DEVELOPMENT_TEAM = CF43K35J9C;
				GENERATE_INFOPLIST_FILE = YES;
				LD_RUNPATH_SEARCH_PATHS = (
					"$(inherited)",
					"@executable_path/Frameworks",
					"@loader_path/Frameworks",
				);
				MARKETING_VERSION = 1.0;
				PRODUCT_BUNDLE_IDENTIFIER = com.reddavis.ExampleTests;
				PRODUCT_NAME = "$(TARGET_NAME)";
				SDKROOT = iphoneos;
				SUPPORTED_PLATFORMS = "iphonesimulator iphoneos";
				SWIFT_EMIT_LOC_STRINGS = NO;
				SWIFT_VERSION = 5.0;
				TARGETED_DEVICE_FAMILY = "1,2";
				TEST_HOST = "$(BUILT_PRODUCTS_DIR)/Example.app/Example";
			};
			name = Release;
		};
/* End XCBuildConfiguration section */

/* Begin XCConfigurationList section */
		A47E649C267A1054005E265C /* Build configuration list for PBXProject "RedUx" */ = {
			isa = XCConfigurationList;
			buildConfigurations = (
				A47E64B4267A1054005E265C /* Debug */,
				A47E64B5267A1054005E265C /* Release */,
			);
			defaultConfigurationIsVisible = 0;
			defaultConfigurationName = Release;
		};
		A47E64B6267A1054005E265C /* Build configuration list for PBXNativeTarget "RedUx" */ = {
			isa = XCConfigurationList;
			buildConfigurations = (
				A47E64B7267A1054005E265C /* Debug */,
				A47E64B8267A1054005E265C /* Release */,
			);
			defaultConfigurationIsVisible = 0;
			defaultConfigurationName = Release;
		};
		A47E64B9267A1054005E265C /* Build configuration list for PBXNativeTarget "RedUxTests" */ = {
			isa = XCConfigurationList;
			buildConfigurations = (
				A47E64BA267A1054005E265C /* Debug */,
				A47E64BB267A1054005E265C /* Release */,
			);
			defaultConfigurationIsVisible = 0;
			defaultConfigurationName = Release;
		};
		A47E64D5267A4AF8005E265C /* Build configuration list for PBXNativeTarget "Example" */ = {
			isa = XCConfigurationList;
			buildConfigurations = (
				A47E64D6267A4AF8005E265C /* Debug */,
				A47E64D7267A4AF8005E265C /* Release */,
			);
			defaultConfigurationIsVisible = 0;
			defaultConfigurationName = Release;
		};
		A48E08682743D463008090E5 /* Build configuration list for PBXNativeTarget "ExampleTests" */ = {
			isa = XCConfigurationList;
			buildConfigurations = (
				A48E08692743D463008090E5 /* Debug */,
				A48E086A2743D463008090E5 /* Release */,
			);
			defaultConfigurationIsVisible = 0;
			defaultConfigurationName = Release;
		};
/* End XCConfigurationList section */

/* Begin XCRemoteSwiftPackageReference section */
		A40B6E5F278F00A900CA6502 /* XCRemoteSwiftPackageReference "Asynchrone" */ = {
			isa = XCRemoteSwiftPackageReference;
			repositoryURL = "https://github.com/reddavis/Asynchrone";
			requirement = {
				branch = main;
				kind = branch;
			};
		};
/* End XCRemoteSwiftPackageReference section */

/* Begin XCSwiftPackageProductDependency section */
		A40B6E60278F00A900CA6502 /* Asynchrone */ = {
			isa = XCSwiftPackageProductDependency;
			package = A40B6E5F278F00A900CA6502 /* XCRemoteSwiftPackageReference "Asynchrone" */;
			productName = Asynchrone;
		};
/* End XCSwiftPackageProductDependency section */
	};
	rootObject = A47E6499267A1054005E265C /* Project object */;
}
