{
  "object": {
    "pins": [
      {
        "package": "Asynchrone",
        "repositoryURL": "https://github.com/reddavis/Asynchrone",
        "state": {
          "branch": "main",
          "revision": "7de79df5c859397058ee788b66e8aa747c70924f",
          "version": null
        }
      }
    ]
  },
  "version": 1
}
